// !$*UTF8*$!
{
	archiveVersion = 1;
	classes = {
	};
	objectVersion = 55;
	objects = {

/* Begin PBXBuildFile section */
		0A4CF15427EDF1BC00F8475C /* Score.swift in Sources */ = {isa = PBXBuildFile; fileRef = 0A4CF15327EDF1BC00F8475C /* Score.swift */; };
		0AA0C4CD27E8CA410088FCCB /* OnboardingView.swift in Sources */ = {isa = PBXBuildFile; fileRef = 0AA0C4CC27E8CA410088FCCB /* OnboardingView.swift */; };
		0AA35E0E27E9D17C00FFB414 /* ContentView.swift in Sources */ = {isa = PBXBuildFile; fileRef = 0AA35E0D27E9D17C00FFB414 /* ContentView.swift */; };
		0AA491B527E8A05200F8CCC4 /* QuestionCardView.swift in Sources */ = {isa = PBXBuildFile; fileRef = 0AA491B427E8A05200F8CCC4 /* QuestionCardView.swift */; };
		0AA66C4027E9BCA100C696C4 /* QestionData.swift in Sources */ = {isa = PBXBuildFile; fileRef = 0AA66C3F27E9BCA100C696C4 /* QestionData.swift */; };
		0AF4767627E854F1005BD05F /* NEGTesterApp.swift in Sources */ = {isa = PBXBuildFile; fileRef = 0AF4767527E854F1005BD05F /* NEGTesterApp.swift */; };
		0AF4767A27E854F2005BD05F /* Assets.xcassets in Resources */ = {isa = PBXBuildFile; fileRef = 0AF4767927E854F2005BD05F /* Assets.xcassets */; };
		0AF4767D27E854F2005BD05F /* Preview Assets.xcassets in Resources */ = {isa = PBXBuildFile; fileRef = 0AF4767C27E854F2005BD05F /* Preview Assets.xcassets */; };
		0AF4768727E8558B005BD05F /* Question.swift in Sources */ = {isa = PBXBuildFile; fileRef = 0AF4768627E8558B005BD05F /* Question.swift */; };
/* End PBXBuildFile section */

/* Begin PBXFileReference section */
		0A4CF15327EDF1BC00F8475C /* Score.swift */ = {isa = PBXFileReference; lastKnownFileType = sourcecode.swift; path = Score.swift; sourceTree = "<group>"; };
		0AA0C4CC27E8CA410088FCCB /* OnboardingView.swift */ = {isa = PBXFileReference; lastKnownFileType = sourcecode.swift; path = OnboardingView.swift; sourceTree = "<group>"; };
		0AA35E0D27E9D17C00FFB414 /* ContentView.swift */ = {isa = PBXFileReference; lastKnownFileType = sourcecode.swift; path = ContentView.swift; sourceTree = "<group>"; };
		0AA491B427E8A05200F8CCC4 /* QuestionCardView.swift */ = {isa = PBXFileReference; lastKnownFileType = sourcecode.swift; path = QuestionCardView.swift; sourceTree = "<group>"; };
		0AA66C3F27E9BCA100C696C4 /* QestionData.swift */ = {isa = PBXFileReference; lastKnownFileType = sourcecode.swift; path = QestionData.swift; sourceTree = "<group>"; };
		0AF4767227E854F1005BD05F /* NEGTester.app */ = {isa = PBXFileReference; explicitFileType = wrapper.application; includeInIndex = 0; path = NEGTester.app; sourceTree = BUILT_PRODUCTS_DIR; };
		0AF4767527E854F1005BD05F /* NEGTesterApp.swift */ = {isa = PBXFileReference; lastKnownFileType = sourcecode.swift; path = NEGTesterApp.swift; sourceTree = "<group>"; };
		0AF4767927E854F2005BD05F /* Assets.xcassets */ = {isa = PBXFileReference; lastKnownFileType = folder.assetcatalog; path = Assets.xcassets; sourceTree = "<group>"; };
		0AF4767C27E854F2005BD05F /* Preview Assets.xcassets */ = {isa = PBXFileReference; lastKnownFileType = folder.assetcatalog; path = "Preview Assets.xcassets"; sourceTree = "<group>"; };
		0AF4768627E8558B005BD05F /* Question.swift */ = {isa = PBXFileReference; lastKnownFileType = sourcecode.swift; path = Question.swift; sourceTree = "<group>"; };
/* End PBXFileReference section */

/* Begin PBXFrameworksBuildPhase section */
		0AF4766F27E854F1005BD05F /* Frameworks */ = {
			isa = PBXFrameworksBuildPhase;
			buildActionMask = 2147483647;
			files = (
			);
			runOnlyForDeploymentPostprocessing = 0;
		};
/* End PBXFrameworksBuildPhase section */

/* Begin PBXGroup section */
		0AA491B227E89E5600F8CCC4 /* App */ = {
			isa = PBXGroup;
			children = (
				0AF4767527E854F1005BD05F /* NEGTesterApp.swift */,
				0AA0C4CC27E8CA410088FCCB /* OnboardingView.swift */,
				0AA35E0D27E9D17C00FFB414 /* ContentView.swift */,
			);
			path = App;
			sourceTree = "<group>";
		};
		0AA491B327E8A02E00F8CCC4 /* View */ = {
			isa = PBXGroup;
			children = (
				0AA491B427E8A05200F8CCC4 /* QuestionCardView.swift */,
			);
			path = View;
			sourceTree = "<group>";
		};
		0AA66C3E27E9BC8300C696C4 /* Data */ = {
			isa = PBXGroup;
			children = (
				0AA66C3F27E9BCA100C696C4 /* QestionData.swift */,
				0A4CF15327EDF1BC00F8475C /* Score.swift */,
			);
			path = Data;
			sourceTree = "<group>";
		};
		0AF4766927E854F1005BD05F = {
			isa = PBXGroup;
			children = (
				0AF4767427E854F1005BD05F /* NEGTester */,
				0AF4767327E854F1005BD05F /* Products */,
			);
			sourceTree = "<group>";
		};
		0AF4767327E854F1005BD05F /* Products */ = {
			isa = PBXGroup;
			children = (
				0AF4767227E854F1005BD05F /* NEGTester.app */,
			);
			name = Products;
			sourceTree = "<group>";
		};
		0AF4767427E854F1005BD05F /* NEGTester */ = {
			isa = PBXGroup;
			children = (
				0AA66C3E27E9BC8300C696C4 /* Data */,
				0AA491B327E8A02E00F8CCC4 /* View */,
				0AF4768527E8555C005BD05F /* QuestionModel */,
				0AA491B227E89E5600F8CCC4 /* App */,
				0AF4767927E854F2005BD05F /* Assets.xcassets */,
				0AF4767B27E854F2005BD05F /* Preview Content */,
			);
			path = NEGTester;
			sourceTree = "<group>";
		};
		0AF4767B27E854F2005BD05F /* Preview Content */ = {
			isa = PBXGroup;
			children = (
				0AF4767C27E854F2005BD05F /* Preview Assets.xcassets */,
			);
			path = "Preview Content";
			sourceTree = "<group>";
		};
		0AF4768527E8555C005BD05F /* QuestionModel */ = {
			isa = PBXGroup;
			children = (
				0AF4768627E8558B005BD05F /* Question.swift */,
			);
			path = QuestionModel;
			sourceTree = "<group>";
		};
/* End PBXGroup section */

/* Begin PBXNativeTarget section */
		0AF4767127E854F1005BD05F /* NEGTester */ = {
			isa = PBXNativeTarget;
			buildConfigurationList = 0AF4768027E854F2005BD05F /* Build configuration list for PBXNativeTarget "NEGTester" */;
			buildPhases = (
				0AF4766E27E854F1005BD05F /* Sources */,
				0AF4766F27E854F1005BD05F /* Frameworks */,
				0AF4767027E854F1005BD05F /* Resources */,
			);
			buildRules = (
			);
			dependencies = (
			);
			name = NEGTester;
			productName = NEGTester;
			productReference = 0AF4767227E854F1005BD05F /* NEGTester.app */;
			productType = "com.apple.product-type.application";
		};
/* End PBXNativeTarget section */

/* Begin PBXProject section */
		0AF4766A27E854F1005BD05F /* Project object */ = {
			isa = PBXProject;
			attributes = {
				BuildIndependentTargetsInParallel = 1;
				LastSwiftUpdateCheck = 1320;
				LastUpgradeCheck = 1320;
				TargetAttributes = {
					0AF4767127E854F1005BD05F = {
						CreatedOnToolsVersion = 13.2.1;
					};
				};
			};
			buildConfigurationList = 0AF4766D27E854F1005BD05F /* Build configuration list for PBXProject "NEGTester" */;
			compatibilityVersion = "Xcode 13.0";
			developmentRegion = en;
			hasScannedForEncodings = 0;
			knownRegions = (
				en,
				Base,
			);
			mainGroup = 0AF4766927E854F1005BD05F;
			productRefGroup = 0AF4767327E854F1005BD05F /* Products */;
			projectDirPath = "";
			projectRoot = "";
			targets = (
				0AF4767127E854F1005BD05F /* NEGTester */,
			);
		};
/* End PBXProject section */

/* Begin PBXResourcesBuildPhase section */
		0AF4767027E854F1005BD05F /* Resources */ = {
			isa = PBXResourcesBuildPhase;
			buildActionMask = 2147483647;
			files = (
				0AF4767D27E854F2005BD05F /* Preview Assets.xcassets in Resources */,
				0AF4767A27E854F2005BD05F /* Assets.xcassets in Resources */,
			);
			runOnlyForDeploymentPostprocessing = 0;
		};
/* End PBXResourcesBuildPhase section */

/* Begin PBXSourcesBuildPhase section */
		0AF4766E27E854F1005BD05F /* Sources */ = {
			isa = PBXSourcesBuildPhase;
			buildActionMask = 2147483647;
			files = (
				0A4CF15427EDF1BC00F8475C /* Score.swift in Sources */,
				0AF4768727E8558B005BD05F /* Question.swift in Sources */,
				0AA66C4027E9BCA100C696C4 /* QestionData.swift in Sources */,
				0AA35E0E27E9D17C00FFB414 /* ContentView.swift in Sources */,
				0AA0C4CD27E8CA410088FCCB /* OnboardingView.swift in Sources */,
				0AF4767627E854F1005BD05F /* NEGTesterApp.swift in Sources */,
				0AA491B527E8A05200F8CCC4 /* QuestionCardView.swift in Sources */,
			);
			runOnlyForDeploymentPostprocessing = 0;
		};
/* End PBXSourcesBuildPhase section */

/* Begin XCBuildConfiguration section */
		0AF4767E27E854F2005BD05F /* Debug */ = {
			isa = XCBuildConfiguration;
			buildSettings = {
				ALWAYS_SEARCH_USER_PATHS = NO;
				CLANG_ANALYZER_NONNULL = YES;
				CLANG_ANALYZER_NUMBER_OBJECT_CONVERSION = YES_AGGRESSIVE;
				CLANG_CXX_LANGUAGE_STANDARD = "gnu++17";
				CLANG_CXX_LIBRARY = "libc++";
				CLANG_ENABLE_MODULES = YES;
				CLANG_ENABLE_OBJC_ARC = YES;
				CLANG_ENABLE_OBJC_WEAK = YES;
				CLANG_WARN_BLOCK_CAPTURE_AUTORELEASING = YES;
				CLANG_WARN_BOOL_CONVERSION = YES;
				CLANG_WARN_COMMA = YES;
				CLANG_WARN_CONSTANT_CONVERSION = YES;
				CLANG_WARN_DEPRECATED_OBJC_IMPLEMENTATIONS = YES;
				CLANG_WARN_DIRECT_OBJC_ISA_USAGE = YES_ERROR;
				CLANG_WARN_DOCUMENTATION_COMMENTS = YES;
				CLANG_WARN_EMPTY_BODY = YES;
				CLANG_WARN_ENUM_CONVERSION = YES;
				CLANG_WARN_INFINITE_RECURSION = YES;
				CLANG_WARN_INT_CONVERSION = YES;
				CLANG_WARN_NON_LITERAL_NULL_CONVERSION = YES;
				CLANG_WARN_OBJC_IMPLICIT_RETAIN_SELF = YES;
				CLANG_WARN_OBJC_LITERAL_CONVERSION = YES;
				CLANG_WARN_OBJC_ROOT_CLASS = YES_ERROR;
				CLANG_WARN_QUOTED_INCLUDE_IN_FRAMEWORK_HEADER = YES;
				CLANG_WARN_RANGE_LOOP_ANALYSIS = YES;
				CLANG_WARN_STRICT_PROTOTYPES = YES;
				CLANG_WARN_SUSPICIOUS_MOVE = YES;
				CLANG_WARN_UNGUARDED_AVAILABILITY = YES_AGGRESSIVE;
				CLANG_WARN_UNREACHABLE_CODE = YES;
				CLANG_WARN__DUPLICATE_METHOD_MATCH = YES;
				COPY_PHASE_STRIP = NO;
				DEBUG_INFORMATION_FORMAT = dwarf;
				ENABLE_STRICT_OBJC_MSGSEND = YES;
				ENABLE_TESTABILITY = YES;
				GCC_C_LANGUAGE_STANDARD = gnu11;
				GCC_DYNAMIC_NO_PIC = NO;
				GCC_NO_COMMON_BLOCKS = YES;
				GCC_OPTIMIZATION_LEVEL = 0;
				GCC_PREPROCESSOR_DEFINITIONS = (
					"DEBUG=1",
					"$(inherited)",
				);
				GCC_WARN_64_TO_32_BIT_CONVERSION = YES;
				GCC_WARN_ABOUT_RETURN_TYPE = YES_ERROR;
				GCC_WARN_UNDECLARED_SELECTOR = YES;
				GCC_WARN_UNINITIALIZED_AUTOS = YES_AGGRESSIVE;
				GCC_WARN_UNUSED_FUNCTION = YES;
				GCC_WARN_UNUSED_VARIABLE = YES;
				IPHONEOS_DEPLOYMENT_TARGET = 15.2;
				MTL_ENABLE_DEBUG_INFO = INCLUDE_SOURCE;
				MTL_FAST_MATH = YES;
				ONLY_ACTIVE_ARCH = YES;
				SDKROOT = iphoneos;
				SWIFT_ACTIVE_COMPILATION_CONDITIONS = DEBUG;
				SWIFT_OPTIMIZATION_LEVEL = "-Onone";
			};
			name = Debug;
		};
		0AF4767F27E854F2005BD05F /* Release */ = {
			isa = XCBuildConfiguration;
			buildSettings = {
				ALWAYS_SEARCH_USER_PATHS = NO;
				CLANG_ANALYZER_NONNULL = YES;
				CLANG_ANALYZER_NUMBER_OBJECT_CONVERSION = YES_AGGRESSIVE;
				CLANG_CXX_LANGUAGE_STANDARD = "gnu++17";
				CLANG_CXX_LIBRARY = "libc++";
				CLANG_ENABLE_MODULES = YES;
				CLANG_ENABLE_OBJC_ARC = YES;
				CLANG_ENABLE_OBJC_WEAK = YES;
				CLANG_WARN_BLOCK_CAPTURE_AUTORELEASING = YES;
				CLANG_WARN_BOOL_CONVERSION = YES;
				CLANG_WARN_COMMA = YES;
				CLANG_WARN_CONSTANT_CONVERSION = YES;
				CLANG_WARN_DEPRECATED_OBJC_IMPLEMENTATIONS = YES;
				CLANG_WARN_DIRECT_OBJC_ISA_USAGE = YES_ERROR;
				CLANG_WARN_DOCUMENTATION_COMMENTS = YES;
				CLANG_WARN_EMPTY_BODY = YES;
				CLANG_WARN_ENUM_CONVERSION = YES;
				CLANG_WARN_INFINITE_RECURSION = YES;
				CLANG_WARN_INT_CONVERSION = YES;
				CLANG_WARN_NON_LITERAL_NULL_CONVERSION = YES;
				CLANG_WARN_OBJC_IMPLICIT_RETAIN_SELF = YES;
				CLANG_WARN_OBJC_LITERAL_CONVERSION = YES;
				CLANG_WARN_OBJC_ROOT_CLASS = YES_ERROR;
				CLANG_WARN_QUOTED_INCLUDE_IN_FRAMEWORK_HEADER = YES;
				CLANG_WARN_RANGE_LOOP_ANALYSIS = YES;
				CLANG_WARN_STRICT_PROTOTYPES = YES;
				CLANG_WARN_SUSPICIOUS_MOVE = YES;
				CLANG_WARN_UNGUARDED_AVAILABILITY = YES_AGGRESSIVE;
				CLANG_WARN_UNREACHABLE_CODE = YES;
				CLANG_WARN__DUPLICATE_METHOD_MATCH = YES;
				COPY_PHASE_STRIP = NO;
				DEBUG_INFORMATION_FORMAT = "dwarf-with-dsym";
				ENABLE_NS_ASSERTIONS = NO;
				ENABLE_STRICT_OBJC_MSGSEND = YES;
				GCC_C_LANGUAGE_STANDARD = gnu11;
				GCC_NO_COMMON_BLOCKS = YES;
				GCC_WARN_64_TO_32_BIT_CONVERSION = YES;
				GCC_WARN_ABOUT_RETURN_TYPE = YES_ERROR;
				GCC_WARN_UNDECLARED_SELECTOR = YES;
				GCC_WARN_UNINITIALIZED_AUTOS = YES_AGGRESSIVE;
				GCC_WARN_UNUSED_FUNCTION = YES;
				GCC_WARN_UNUSED_VARIABLE = YES;
				IPHONEOS_DEPLOYMENT_TARGET = 15.2;
				MTL_ENABLE_DEBUG_INFO = NO;
				MTL_FAST_MATH = YES;
				SDKROOT = iphoneos;
				SWIFT_COMPILATION_MODE = wholemodule;
				SWIFT_OPTIMIZATION_LEVEL = "-O";
				VALIDATE_PRODUCT = YES;
			};
			name = Release;
		};
		0AF4768127E854F2005BD05F /* Debug */ = {
			isa = XCBuildConfiguration;
			buildSettings = {
				ASSETCATALOG_COMPILER_APPICON_NAME = AppIcon;
				ASSETCATALOG_COMPILER_GLOBAL_ACCENT_COLOR_NAME = AccentColor;
				CODE_SIGN_STYLE = Automatic;
				CURRENT_PROJECT_VERSION = 1;
				DEVELOPMENT_ASSET_PATHS = "\"NEGTester/Preview Content\"";
				ENABLE_PREVIEWS = YES;
				GENERATE_INFOPLIST_FILE = YES;
				INFOPLIST_KEY_UIApplicationSceneManifest_Generation = YES;
				INFOPLIST_KEY_UIApplicationSupportsIndirectInputEvents = YES;
				INFOPLIST_KEY_UILaunchScreen_Generation = YES;
				INFOPLIST_KEY_UISupportedInterfaceOrientations_iPad = "UIInterfaceOrientationPortrait UIInterfaceOrientationPortraitUpsideDown UIInterfaceOrientationLandscapeLeft UIInterfaceOrientationLandscapeRight";
				INFOPLIST_KEY_UISupportedInterfaceOrientations_iPhone = "UIInterfaceOrientationPortrait UIInterfaceOrientationLandscapeLeft UIInterfaceOrientationLandscapeRight";
				LD_RUNPATH_SEARCH_PATHS = (
					"$(inherited)",
					"@executable_path/Frameworks",
				);
				MARKETING_VERSION = 1.0;
				PRODUCT_BUNDLE_IDENTIFIER = sjo.NEGTester;
				PRODUCT_NAME = "$(TARGET_NAME)";
				SWIFT_EMIT_LOC_STRINGS = YES;
				SWIFT_VERSION = 5.0;
				TARGETED_DEVICE_FAMILY = "1,2";
			};
			name = Debug;
		};
		0AF4768227E854F2005BD05F /* Release */ = {
			isa = XCBuildConfiguration;
			buildSettings = {
				ASSETCATALOG_COMPILER_APPICON_NAME = AppIcon;
				ASSETCATALOG_COMPILER_GLOBAL_ACCENT_COLOR_NAME = AccentColor;
				CODE_SIGN_STYLE = Automatic;
				CURRENT_PROJECT_VERSION = 1;
				DEVELOPMENT_ASSET_PATHS = "\"NEGTester/Preview Content\"";
				ENABLE_PREVIEWS = YES;
				GENERATE_INFOPLIST_FILE = YES;
				INFOPLIST_KEY_UIApplicationSceneManifest_Generation = YES;
				INFOPLIST_KEY_UIApplicationSupportsIndirectInputEvents = YES;
				INFOPLIST_KEY_UILaunchScreen_Generation = YES;
				INFOPLIST_KEY_UISupportedInterfaceOrientations_iPad = "UIInterfaceOrientationPortrait UIInterfaceOrientationPortraitUpsideDown UIInterfaceOrientationLandscapeLeft UIInterfaceOrientationLandscapeRight";
				INFOPLIST_KEY_UISupportedInterfaceOrientations_iPhone = "UIInterfaceOrientationPortrait UIInterfaceOrientationLandscapeLeft UIInterfaceOrientationLandscapeRight";
				LD_RUNPATH_SEARCH_PATHS = (
					"$(inherited)",
					"@executable_path/Frameworks",
				);
				MARKETING_VERSION = 1.0;
				PRODUCT_BUNDLE_IDENTIFIER = sjo.NEGTester;
				PRODUCT_NAME = "$(TARGET_NAME)";
				SWIFT_EMIT_LOC_STRINGS = YES;
				SWIFT_VERSION = 5.0;
				TARGETED_DEVICE_FAMILY = "1,2";
			};
			name = Release;
		};
/* End XCBuildConfiguration section */

/* Begin XCConfigurationList section */
		0AF4766D27E854F1005BD05F /* Build configuration list for PBXProject "NEGTester" */ = {
			isa = XCConfigurationList;
			buildConfigurations = (
				0AF4767E27E854F2005BD05F /* Debug */,
				0AF4767F27E854F2005BD05F /* Release */,
			);
			defaultConfigurationIsVisible = 0;
			defaultConfigurationName = Release;
		};
		0AF4768027E854F2005BD05F /* Build configuration list for PBXNativeTarget "NEGTester" */ = {
			isa = XCConfigurationList;
			buildConfigurations = (
				0AF4768127E854F2005BD05F /* Debug */,
				0AF4768227E854F2005BD05F /* Release */,
			);
			defaultConfigurationIsVisible = 0;
			defaultConfigurationName = Release;
		};
/* End XCConfigurationList section */
	};
	rootObject = 0AF4766A27E854F1005BD05F /* Project object */;
}
